
Microsoft Visual Studio Solution File, Format Version 12.00
# Visual Studio Version 16
VisualStudioVersion = 16.0.30717.126
MinimumVisualStudioVersion = 10.0.40219.1
Project("{8BC9CEB8-8B4A-11D0-8D11-00A0C91BC942}") = "MFCOpenCV", "MFCOpenCV\MFCOpenCV.vcxproj", "{BCC961A0-80E9-478A-8111-858242541757}"
EndProject
Global
	GlobalSection(SolutionConfigurationPlatforms) = preSolution
		Debug|x64 = Debug|x64
		Debug|x86 = Debug|x86
		Release|x64 = Release|x64
		Release|x86 = Release|x86
	EndGlobalSection
	GlobalSection(ProjectConfigurationPlatforms) = postSolution
		{BCC961A0-80E9-478A-8111-858242541757}.Debug|x64.ActiveCfg = Debug|x64
		{BCC961A0-80E9-478A-8111-858242541757}.Debug|x64.Build.0 = Debug|x64
		{BCC961A0-80E9-478A-8111-858242541757}.Debug|x86.ActiveCfg = Debug|Win32
		{BCC961A0-80E9-478A-8111-858242541757}.Debug|x86.Build.0 = Debug|Win32
		{BCC961A0-80E9-478A-8111-858242541757}.Release|x64.ActiveCfg = Release|x64
		{BCC961A0-80E9-478A-8111-858242541757}.Release|x64.Build.0 = Release|x64
		{BCC961A0-80E9-478A-8111-858242541757}.Release|x86.ActiveCfg = Release|Win32
		{BCC961A0-80E9-478A-8111-858242541757}.Release|x86.Build.0 = Release|Win32
	EndGlobalSection
	GlobalSection(SolutionProperties) = preSolution
		HideSolutionNode = FALSE
	EndGlobalSection
	GlobalSection(ExtensibilityGlobals) = postSolution
		SolutionGuid = {6782B783-DDC6-4658-90CF-B0DA12680FBB}
	EndGlobalSection
EndGlobal
